
Microsoft Visual Studio Solution File, Format Version 12.00
# Visual Studio Version 17
VisualStudioVersion = 17.14.36301.6 d17.14
MinimumVisualStudioVersion = 10.0.40219.1
Project("{FAE04EC0-301F-11D3-BF4B-00C04F79EFBC}") = "MI.CRM.API", "MI.CRM.API\MI.CRM.API.csproj", "{EB4B60A7-4E9F-473D-9C4A-63D1EA93341C}"
EndProject
Global
	GlobalSection(SolutionConfigurationPlatforms) = preSolution
		Debug|Any CPU = Debug|Any CPU
		Release|Any CPU = Release|Any CPU
	EndGlobalSection
	GlobalSection(ProjectConfigurationPlatforms) = postSolution
		{EB4B60A7-4E9F-473D-9C4A-63D1EA93341C}.Debug|Any CPU.ActiveCfg = Debug|Any CPU
		{EB4B60A7-4E9F-473D-9C4A-63D1EA93341C}.Debug|Any CPU.Build.0 = Debug|Any CPU
		{EB4B60A7-4E9F-473D-9C4A-63D1EA93341C}.Release|Any CPU.ActiveCfg = Release|Any CPU
		{EB4B60A7-4E9F-473D-9C4A-63D1EA93341C}.Release|Any CPU.Build.0 = Release|Any CPU
	EndGlobalSection
	GlobalSection(SolutionProperties) = preSolution
		HideSolutionNode = FALSE
	EndGlobalSection
	GlobalSection(ExtensibilityGlobals) = postSolution
		SolutionGuid = {D326CC9E-67F6-4E32-BE54-92D81FC9BC0E}
	EndGlobalSection
EndGlobal
